
Microsoft Visual Studio Solution File, Format Version 12.00
# Visual Studio 15
VisualStudioVersion = 15.0.33801.198
MinimumVisualStudioVersion = 10.0.40219.1
Project("{FAE04EC0-301F-11D3-BF4B-00C04F79EFBC}") = "ZHDMApp1", "ZHDMApp1\ZHDMApp1.csproj", "{8BED0E95-8FA4-4772-82EF-72BC91C4B805}"
EndProject
Global
	GlobalSection(SolutionConfigurationPlatforms) = preSolution
		Debug|Any CPU = Debug|Any CPU
		Release|Any CPU = Release|Any CPU
	EndGlobalSection
	GlobalSection(ProjectConfigurationPlatforms) = postSolution
		{8BED0E95-8FA4-4772-82EF-72BC91C4B805}.Debug|Any CPU.ActiveCfg = Debug|Any CPU
		{8BED0E95-8FA4-4772-82EF-72BC91C4B805}.Debug|Any CPU.Build.0 = Debug|Any CPU
		{8BED0E95-8FA4-4772-82EF-72BC91C4B805}.Release|Any CPU.ActiveCfg = Release|Any CPU
		{8BED0E95-8FA4-4772-82EF-72BC91C4B805}.Release|Any CPU.Build.0 = Release|Any CPU
	EndGlobalSection
	GlobalSection(SolutionProperties) = preSolution
		HideSolutionNode = FALSE
	EndGlobalSection
	GlobalSection(ExtensibilityGlobals) = postSolution
		SolutionGuid = {A3A47124-5B72-4FBB-ADC8-7FB466E03682}
	EndGlobalSection
EndGlobal
